// !$*UTF8*$!
{
	archiveVersion = 1;
	classes = {
	};
	objectVersion = 56;
	objects = {

/* Begin PBXBuildFile section */
		F5D0FAFC29B6106C00F65C37 /* CounterApp.swift in Sources */ = {isa = PBXBuildFile; fileRef = F5D0FAFB29B6106C00F65C37 /* CounterApp.swift */; };
		F5D0FAFE29B6106C00F65C37 /* ContentView.swift in Sources */ = {isa = PBXBuildFile; fileRef = F5D0FAFD29B6106C00F65C37 /* ContentView.swift */; };
		F5D0FB0029B6106E00F65C37 /* Assets.xcassets in Resources */ = {isa = PBXBuildFile; fileRef = F5D0FAFF29B6106E00F65C37 /* Assets.xcassets */; };
		F5D0FB0329B6106E00F65C37 /* Preview Assets.xcassets in Resources */ = {isa = PBXBuildFile; fileRef = F5D0FB0229B6106E00F65C37 /* Preview Assets.xcassets */; };
		F5D0FB0D29B6106E00F65C37 /* CounterTests.swift in Sources */ = {isa = PBXBuildFile; fileRef = F5D0FB0C29B6106E00F65C37 /* CounterTests.swift */; };
		F5D0FB1729B6106E00F65C37 /* CounterUITests.swift in Sources */ = {isa = PBXBuildFile; fileRef = F5D0FB1629B6106E00F65C37 /* CounterUITests.swift */; };
		F5D0FB1929B6106E00F65C37 /* CounterUITestsLaunchTests.swift in Sources */ = {isa = PBXBuildFile; fileRef = F5D0FB1829B6106E00F65C37 /* CounterUITestsLaunchTests.swift */; };
/* End PBXBuildFile section */

/* Begin PBXContainerItemProxy section */
		F5D0FB0929B6106E00F65C37 /* PBXContainerItemProxy */ = {
			isa = PBXContainerItemProxy;
			containerPortal = F5D0FAF029B6106C00F65C37 /* Project object */;
			proxyType = 1;
			remoteGlobalIDString = F5D0FAF729B6106C00F65C37;
			remoteInfo = Counter;
		};
		F5D0FB1329B6106E00F65C37 /* PBXContainerItemProxy */ = {
			isa = PBXContainerItemProxy;
			containerPortal = F5D0FAF029B6106C00F65C37 /* Project object */;
			proxyType = 1;
			remoteGlobalIDString = F5D0FAF729B6106C00F65C37;
			remoteInfo = Counter;
		};
/* End PBXContainerItemProxy section */

/* Begin PBXFileReference section */
		F5D0FAF829B6106C00F65C37 /* Counter.app */ = {isa = PBXFileReference; explicitFileType = wrapper.application; includeInIndex = 0; path = Counter.app; sourceTree = BUILT_PRODUCTS_DIR; };
		F5D0FAFB29B6106C00F65C37 /* CounterApp.swift */ = {isa = PBXFileReference; lastKnownFileType = sourcecode.swift; path = CounterApp.swift; sourceTree = "<group>"; };
		F5D0FAFD29B6106C00F65C37 /* ContentView.swift */ = {isa = PBXFileReference; lastKnownFileType = sourcecode.swift; path = ContentView.swift; sourceTree = "<group>"; };
		F5D0FAFF29B6106E00F65C37 /* Assets.xcassets */ = {isa = PBXFileReference; lastKnownFileType = folder.assetcatalog; path = Assets.xcassets; sourceTree = "<group>"; };
		F5D0FB0229B6106E00F65C37 /* Preview Assets.xcassets */ = {isa = PBXFileReference; lastKnownFileType = folder.assetcatalog; path = "Preview Assets.xcassets"; sourceTree = "<group>"; };
		F5D0FB0829B6106E00F65C37 /* CounterTests.xctest */ = {isa = PBXFileReference; explicitFileType = wrapper.cfbundle; includeInIndex = 0; path = CounterTests.xctest; sourceTree = BUILT_PRODUCTS_DIR; };
		F5D0FB0C29B6106E00F65C37 /* CounterTests.swift */ = {isa = PBXFileReference; lastKnownFileType = sourcecode.swift; path = CounterTests.swift; sourceTree = "<group>"; };
		F5D0FB1229B6106E00F65C37 /* CounterUITests.xctest */ = {isa = PBXFileReference; explicitFileType = wrapper.cfbundle; includeInIndex = 0; path = CounterUITests.xctest; sourceTree = BUILT_PRODUCTS_DIR; };
		F5D0FB1629B6106E00F65C37 /* CounterUITests.swift */ = {isa = PBXFileReference; lastKnownFileType = sourcecode.swift; path = CounterUITests.swift; sourceTree = "<group>"; };
		F5D0FB1829B6106E00F65C37 /* CounterUITestsLaunchTests.swift */ = {isa = PBXFileReference; lastKnownFileType = sourcecode.swift; path = CounterUITestsLaunchTests.swift; sourceTree = "<group>"; };
/* End PBXFileReference section */

/* Begin PBXFrameworksBuildPhase section */
		F5D0FAF529B6106C00F65C37 /* Frameworks */ = {
			isa = PBXFrameworksBuildPhase;
			buildActionMask = 2147483647;
			files = (
			);
			runOnlyForDeploymentPostprocessing = 0;
		};
		F5D0FB0529B6106E00F65C37 /* Frameworks */ = {
			isa = PBXFrameworksBuildPhase;
			buildActionMask = 2147483647;
			files = (
			);
			runOnlyForDeploymentPostprocessing = 0;
		};
		F5D0FB0F29B6106E00F65C37 /* Frameworks */ = {
			isa = PBXFrameworksBuildPhase;
			buildActionMask = 2147483647;
			files = (
			);
			runOnlyForDeploymentPostprocessing = 0;
		};
/* End PBXFrameworksBuildPhase section */

/* Begin PBXGroup section */
		F5D0FAEF29B6106C00F65C37 = {
			isa = PBXGroup;
			children = (
				F5D0FAFA29B6106C00F65C37 /* Counter */,
				F5D0FB0B29B6106E00F65C37 /* CounterTests */,
				F5D0FB1529B6106E00F65C37 /* CounterUITests */,
				F5D0FAF929B6106C00F65C37 /* Products */,
			);
			sourceTree = "<group>";
		};
		F5D0FAF929B6106C00F65C37 /* Products */ = {
			isa = PBXGroup;
			children = (
				F5D0FAF829B6106C00F65C37 /* Counter.app */,
				F5D0FB0829B6106E00F65C37 /* CounterTests.xctest */,
				F5D0FB1229B6106E00F65C37 /* CounterUITests.xctest */,
			);
			name = Products;
			sourceTree = "<group>";
		};
		F5D0FAFA29B6106C00F65C37 /* Counter */ = {
			isa = PBXGroup;
			children = (
				F5D0FAFB29B6106C00F65C37 /* CounterApp.swift */,
				F5D0FAFD29B6106C00F65C37 /* ContentView.swift */,
				F5D0FAFF29B6106E00F65C37 /* Assets.xcassets */,
				F5D0FB0129B6106E00F65C37 /* Preview Content */,
			);
			path = Counter;
			sourceTree = "<group>";
		};
		F5D0FB0129B6106E00F65C37 /* Preview Content */ = {
			isa = PBXGroup;
			children = (
				F5D0FB0229B6106E00F65C37 /* Preview Assets.xcassets */,
			);
			path = "Preview Content";
			sourceTree = "<group>";
		};
		F5D0FB0B29B6106E00F65C37 /* CounterTests */ = {
			isa = PBXGroup;
			children = (
				F5D0FB0C29B6106E00F65C37 /* CounterTests.swift */,
			);
			path = CounterTests;
			sourceTree = "<group>";
		};
		F5D0FB1529B6106E00F65C37 /* CounterUITests */ = {
			isa = PBXGroup;
			children = (
				F5D0FB1629B6106E00F65C37 /* CounterUITests.swift */,
				F5D0FB1829B6106E00F65C37 /* CounterUITestsLaunchTests.swift */,
			);
			path = CounterUITests;
			sourceTree = "<group>";
		};
/* End PBXGroup section */

/* Begin PBXNativeTarget section */
		F5D0FAF729B6106C00F65C37 /* Counter */ = {
			isa = PBXNativeTarget;
			buildConfigurationList = F5D0FB1C29B6106E00F65C37 /* Build configuration list for PBXNativeTarget "Counter" */;
			buildPhases = (
				F5D0FAF429B6106C00F65C37 /* Sources */,
				F5D0FAF529B6106C00F65C37 /* Frameworks */,
				F5D0FAF629B6106C00F65C37 /* Resources */,
			);
			buildRules = (
			);
			dependencies = (
			);
			name = Counter;
			productName = Counter;
			productReference = F5D0FAF829B6106C00F65C37 /* Counter.app */;
			productType = "com.apple.product-type.application";
		};
		F5D0FB0729B6106E00F65C37 /* CounterTests */ = {
			isa = PBXNativeTarget;
			buildConfigurationList = F5D0FB1F29B6106E00F65C37 /* Build configuration list for PBXNativeTarget "CounterTests" */;
			buildPhases = (
				F5D0FB0429B6106E00F65C37 /* Sources */,
				F5D0FB0529B6106E00F65C37 /* Frameworks */,
				F5D0FB0629B6106E00F65C37 /* Resources */,
			);
			buildRules = (
			);
			dependencies = (
				F5D0FB0A29B6106E00F65C37 /* PBXTargetDependency */,
			);
			name = CounterTests;
			productName = CounterTests;
			productReference = F5D0FB0829B6106E00F65C37 /* CounterTests.xctest */;
			productType = "com.apple.product-type.bundle.unit-test";
		};
		F5D0FB1129B6106E00F65C37 /* CounterUITests */ = {
			isa = PBXNativeTarget;
			buildConfigurationList = F5D0FB2229B6106E00F65C37 /* Build configuration list for PBXNativeTarget "CounterUITests" */;
			buildPhases = (
				F5D0FB0E29B6106E00F65C37 /* Sources */,
				F5D0FB0F29B6106E00F65C37 /* Frameworks */,
				F5D0FB1029B6106E00F65C37 /* Resources */,
			);
			buildRules = (
			);
			dependencies = (
				F5D0FB1429B6106E00F65C37 /* PBXTargetDependency */,
			);
			name = CounterUITests;
			productName = CounterUITests;
			productReference = F5D0FB1229B6106E00F65C37 /* CounterUITests.xctest */;
			productType = "com.apple.product-type.bundle.ui-testing";
		};
/* End PBXNativeTarget section */

/* Begin PBXProject section */
		F5D0FAF029B6106C00F65C37 /* Project object */ = {
			isa = PBXProject;
			attributes = {
				BuildIndependentTargetsInParallel = 1;
				LastSwiftUpdateCheck = 1420;
				LastUpgradeCheck = 1420;
				TargetAttributes = {
					F5D0FAF729B6106C00F65C37 = {
						CreatedOnToolsVersion = 14.2;
					};
					F5D0FB0729B6106E00F65C37 = {
						CreatedOnToolsVersion = 14.2;
						TestTargetID = F5D0FAF729B6106C00F65C37;
					};
					F5D0FB1129B6106E00F65C37 = {
						CreatedOnToolsVersion = 14.2;
						TestTargetID = F5D0FAF729B6106C00F65C37;
					};
				};
			};
			buildConfigurationList = F5D0FAF329B6106C00F65C37 /* Build configuration list for PBXProject "Counter" */;
			compatibilityVersion = "Xcode 14.0";
			developmentRegion = en;
			hasScannedForEncodings = 0;
			knownRegions = (
				en,
				Base,
			);
			mainGroup = F5D0FAEF29B6106C00F65C37;
			productRefGroup = F5D0FAF929B6106C00F65C37 /* Products */;
			projectDirPath = "";
			projectRoot = "";
			targets = (
				F5D0FAF729B6106C00F65C37 /* Counter */,
				F5D0FB0729B6106E00F65C37 /* CounterTests */,
				F5D0FB1129B6106E00F65C37 /* CounterUITests */,
			);
		};
/* End PBXProject section */

/* Begin PBXResourcesBuildPhase section */
		F5D0FAF629B6106C00F65C37 /* Resources */ = {
			isa = PBXResourcesBuildPhase;
			buildActionMask = 2147483647;
			files = (
				F5D0FB0329B6106E00F65C37 /* Preview Assets.xcassets in Resources */,
				F5D0FB0029B6106E00F65C37 /* Assets.xcassets in Resources */,
			);
			runOnlyForDeploymentPostprocessing = 0;
		};
		F5D0FB0629B6106E00F65C37 /* Resources */ = {
			isa = PBXResourcesBuildPhase;
			buildActionMask = 2147483647;
			files = (
			);
			runOnlyForDeploymentPostprocessing = 0;
		};
		F5D0FB1029B6106E00F65C37 /* Resources */ = {
			isa = PBXResourcesBuildPhase;
			buildActionMask = 2147483647;
			files = (
			);
			runOnlyForDeploymentPostprocessing = 0;
		};
/* End PBXResourcesBuildPhase section */

/* Begin PBXSourcesBuildPhase section */
		F5D0FAF429B6106C00F65C37 /* Sources */ = {
			isa = PBXSourcesBuildPhase;
			buildActionMask = 2147483647;
			files = (
				F5D0FAFE29B6106C00F65C37 /* ContentView.swift in Sources */,
				F5D0FAFC29B6106C00F65C37 /* CounterApp.swift in Sources */,
			);
			runOnlyForDeploymentPostprocessing = 0;
		};
		F5D0FB0429B6106E00F65C37 /* Sources */ = {
			isa = PBXSourcesBuildPhase;
			buildActionMask = 2147483647;
			files = (
				F5D0FB0D29B6106E00F65C37 /* CounterTests.swift in Sources */,
			);
			runOnlyForDeploymentPostprocessing = 0;
		};
		F5D0FB0E29B6106E00F65C37 /* Sources */ = {
			isa = PBXSourcesBuildPhase;
			buildActionMask = 2147483647;
			files = (
				F5D0FB1729B6106E00F65C37 /* CounterUITests.swift in Sources */,
				F5D0FB1929B6106E00F65C37 /* CounterUITestsLaunchTests.swift in Sources */,
			);
			runOnlyForDeploymentPostprocessing = 0;
		};
/* End PBXSourcesBuildPhase section */

/* Begin PBXTargetDependency section */
		F5D0FB0A29B6106E00F65C37 /* PBXTargetDependency */ = {
			isa = PBXTargetDependency;
			target = F5D0FAF729B6106C00F65C37 /* Counter */;
			targetProxy = F5D0FB0929B6106E00F65C37 /* PBXContainerItemProxy */;
		};
		F5D0FB1429B6106E00F65C37 /* PBXTargetDependency */ = {
			isa = PBXTargetDependency;
			target = F5D0FAF729B6106C00F65C37 /* Counter */;
			targetProxy = F5D0FB1329B6106E00F65C37 /* PBXContainerItemProxy */;
		};
/* End PBXTargetDependency section */

/* Begin XCBuildConfiguration section */
		F5D0FB1A29B6106E00F65C37 /* Debug */ = {
			isa = XCBuildConfiguration;
			buildSettings = {
				ALWAYS_SEARCH_USER_PATHS = NO;
				CLANG_ANALYZER_NONNULL = YES;
				CLANG_ANALYZER_NUMBER_OBJECT_CONVERSION = YES_AGGRESSIVE;
				CLANG_CXX_LANGUAGE_STANDARD = "gnu++20";
				CLANG_ENABLE_MODULES = YES;
				CLANG_ENABLE_OBJC_ARC = YES;
				CLANG_ENABLE_OBJC_WEAK = YES;
				CLANG_WARN_BLOCK_CAPTURE_AUTORELEASING = YES;
				CLANG_WARN_BOOL_CONVERSION = YES;
				CLANG_WARN_COMMA = YES;
				CLANG_WARN_CONSTANT_CONVERSION = YES;
				CLANG_WARN_DEPRECATED_OBJC_IMPLEMENTATIONS = YES;
				CLANG_WARN_DIRECT_OBJC_ISA_USAGE = YES_ERROR;
				CLANG_WARN_DOCUMENTATION_COMMENTS = YES;
				CLANG_WARN_EMPTY_BODY = YES;
				CLANG_WARN_ENUM_CONVERSION = YES;
				CLANG_WARN_INFINITE_RECURSION = YES;
				CLANG_WARN_INT_CONVERSION = YES;
				CLANG_WARN_NON_LITERAL_NULL_CONVERSION = YES;
				CLANG_WARN_OBJC_IMPLICIT_RETAIN_SELF = YES;
				CLANG_WARN_OBJC_LITERAL_CONVERSION = YES;
				CLANG_WARN_OBJC_ROOT_CLASS = YES_ERROR;
				CLANG_WARN_QUOTED_INCLUDE_IN_FRAMEWORK_HEADER = YES;
				CLANG_WARN_RANGE_LOOP_ANALYSIS = YES;
				CLANG_WARN_STRICT_PROTOTYPES = YES;
				CLANG_WARN_SUSPICIOUS_MOVE = YES;
				CLANG_WARN_UNGUARDED_AVAILABILITY = YES_AGGRESSIVE;
				CLANG_WARN_UNREACHABLE_CODE = YES;
				CLANG_WARN__DUPLICATE_METHOD_MATCH = YES;
				COPY_PHASE_STRIP = NO;
				DEBUG_INFORMATION_FORMAT = dwarf;
				ENABLE_STRICT_OBJC_MSGSEND = YES;
				ENABLE_TESTABILITY = YES;
				GCC_C_LANGUAGE_STANDARD = gnu11;
				GCC_DYNAMIC_NO_PIC = NO;
				GCC_NO_COMMON_BLOCKS = YES;
				GCC_OPTIMIZATION_LEVEL = 0;
				GCC_PREPROCESSOR_DEFINITIONS = (
					"DEBUG=1",
					"$(inherited)",
				);
				GCC_WARN_64_TO_32_BIT_CONVERSION = YES;
				GCC_WARN_ABOUT_RETURN_TYPE = YES_ERROR;
				GCC_WARN_UNDECLARED_SELECTOR = YES;
				GCC_WARN_UNINITIALIZED_AUTOS = YES_AGGRESSIVE;
				GCC_WARN_UNUSED_FUNCTION = YES;
				GCC_WARN_UNUSED_VARIABLE = YES;
				IPHONEOS_DEPLOYMENT_TARGET = 16.2;
				MTL_ENABLE_DEBUG_INFO = INCLUDE_SOURCE;
				MTL_FAST_MATH = YES;
				ONLY_ACTIVE_ARCH = YES;
				SDKROOT = iphoneos;
				SWIFT_ACTIVE_COMPILATION_CONDITIONS = DEBUG;
				SWIFT_OPTIMIZATION_LEVEL = "-Onone";
			};
			name = Debug;
		};
		F5D0FB1B29B6106E00F65C37 /* Release */ = {
			isa = XCBuildConfiguration;
			buildSettings = {
				ALWAYS_SEARCH_USER_PATHS = NO;
				CLANG_ANALYZER_NONNULL = YES;
				CLANG_ANALYZER_NUMBER_OBJECT_CONVERSION = YES_AGGRESSIVE;
				CLANG_CXX_LANGUAGE_STANDARD = "gnu++20";
				CLANG_ENABLE_MODULES = YES;
				CLANG_ENABLE_OBJC_ARC = YES;
				CLANG_ENABLE_OBJC_WEAK = YES;
				CLANG_WARN_BLOCK_CAPTURE_AUTORELEASING = YES;
				CLANG_WARN_BOOL_CONVERSION = YES;
				CLANG_WARN_COMMA = YES;
				CLANG_WARN_CONSTANT_CONVERSION = YES;
				CLANG_WARN_DEPRECATED_OBJC_IMPLEMENTATIONS = YES;
				CLANG_WARN_DIRECT_OBJC_ISA_USAGE = YES_ERROR;
				CLANG_WARN_DOCUMENTATION_COMMENTS = YES;
				CLANG_WARN_EMPTY_BODY = YES;
				CLANG_WARN_ENUM_CONVERSION = YES;
				CLANG_WARN_INFINITE_RECURSION = YES;
				CLANG_WARN_INT_CONVERSION = YES;
				CLANG_WARN_NON_LITERAL_NULL_CONVERSION = YES;
				CLANG_WARN_OBJC_IMPLICIT_RETAIN_SELF = YES;
				CLANG_WARN_OBJC_LITERAL_CONVERSION = YES;
				CLANG_WARN_OBJC_ROOT_CLASS = YES_ERROR;
				CLANG_WARN_QUOTED_INCLUDE_IN_FRAMEWORK_HEADER = YES;
				CLANG_WARN_RANGE_LOOP_ANALYSIS = YES;
				CLANG_WARN_STRICT_PROTOTYPES = YES;
				CLANG_WARN_SUSPICIOUS_MOVE = YES;
				CLANG_WARN_UNGUARDED_AVAILABILITY = YES_AGGRESSIVE;
				CLANG_WARN_UNREACHABLE_CODE = YES;
				CLANG_WARN__DUPLICATE_METHOD_MATCH = YES;
				COPY_PHASE_STRIP = NO;
				DEBUG_INFORMATION_FORMAT = "dwarf-with-dsym";
				ENABLE_NS_ASSERTIONS = NO;
				ENABLE_STRICT_OBJC_MSGSEND = YES;
				GCC_C_LANGUAGE_STANDARD = gnu11;
				GCC_NO_COMMON_BLOCKS = YES;
				GCC_WARN_64_TO_32_BIT_CONVERSION = YES;
				GCC_WARN_ABOUT_RETURN_TYPE = YES_ERROR;
				GCC_WARN_UNDECLARED_SELECTOR = YES;
				GCC_WARN_UNINITIALIZED_AUTOS = YES_AGGRESSIVE;
				GCC_WARN_UNUSED_FUNCTION = YES;
				GCC_WARN_UNUSED_VARIABLE = YES;
				IPHONEOS_DEPLOYMENT_TARGET = 16.2;
				MTL_ENABLE_DEBUG_INFO = NO;
				MTL_FAST_MATH = YES;
				SDKROOT = iphoneos;
				SWIFT_COMPILATION_MODE = wholemodule;
				SWIFT_OPTIMIZATION_LEVEL = "-O";
				VALIDATE_PRODUCT = YES;
			};
			name = Release;
		};
		F5D0FB1D29B6106E00F65C37 /* Debug */ = {
			isa = XCBuildConfiguration;
			buildSettings = {
				ASSETCATALOG_COMPILER_APPICON_NAME = AppIcon;
				ASSETCATALOG_COMPILER_GLOBAL_ACCENT_COLOR_NAME = AccentColor;
				CODE_SIGN_STYLE = Automatic;
				CURRENT_PROJECT_VERSION = 1;
				DEVELOPMENT_ASSET_PATHS = "\"Counter/Preview Content\"";
				DEVELOPMENT_TEAM = 94M9FJ82WR;
				ENABLE_PREVIEWS = YES;
				GENERATE_INFOPLIST_FILE = YES;
				INFOPLIST_KEY_UIApplicationSceneManifest_Generation = YES;
				INFOPLIST_KEY_UIApplicationSupportsIndirectInputEvents = YES;
				INFOPLIST_KEY_UILaunchScreen_Generation = YES;
				INFOPLIST_KEY_UISupportedInterfaceOrientations_iPad = "UIInterfaceOrientationPortrait UIInterfaceOrientationPortraitUpsideDown UIInterfaceOrientationLandscapeLeft UIInterfaceOrientationLandscapeRight";
				INFOPLIST_KEY_UISupportedInterfaceOrientations_iPhone = "UIInterfaceOrientationPortrait UIInterfaceOrientationLandscapeLeft UIInterfaceOrientationLandscapeRight";
				IPHONEOS_DEPLOYMENT_TARGET = 16.0;
				LD_RUNPATH_SEARCH_PATHS = (
					"$(inherited)",
					"@executable_path/Frameworks",
				);
				MARKETING_VERSION = 1.0;
				PRODUCT_BUNDLE_IDENTIFIER = "ghp-okjizbZVvJfbYcR9Aff1wuNFG7FC8W44Xc8s.Counter";
				PRODUCT_NAME = "$(TARGET_NAME)";
				SWIFT_EMIT_LOC_STRINGS = YES;
				SWIFT_VERSION = 5.0;
				TARGETED_DEVICE_FAMILY = "1,2";
			};
			name = Debug;
		};
		F5D0FB1E29B6106E00F65C37 /* Release */ = {
			isa = XCBuildConfiguration;
			buildSettings = {
				ASSETCATALOG_COMPILER_APPICON_NAME = AppIcon;
				ASSETCATALOG_COMPILER_GLOBAL_ACCENT_COLOR_NAME = AccentColor;
				CODE_SIGN_STYLE = Automatic;
				CURRENT_PROJECT_VERSION = 1;
				DEVELOPMENT_ASSET_PATHS = "\"Counter/Preview Content\"";
				DEVELOPMENT_TEAM = 94M9FJ82WR;
				ENABLE_PREVIEWS = YES;
				GENERATE_INFOPLIST_FILE = YES;
				INFOPLIST_KEY_UIApplicationSceneManifest_Generation = YES;
				INFOPLIST_KEY_UIApplicationSupportsIndirectInputEvents = YES;
				INFOPLIST_KEY_UILaunchScreen_Generation = YES;
				INFOPLIST_KEY_UISupportedInterfaceOrientations_iPad = "UIInterfaceOrientationPortrait UIInterfaceOrientationPortraitUpsideDown UIInterfaceOrientationLandscapeLeft UIInterfaceOrientationLandscapeRight";
				INFOPLIST_KEY_UISupportedInterfaceOrientations_iPhone = "UIInterfaceOrientationPortrait UIInterfaceOrientationLandscapeLeft UIInterfaceOrientationLandscapeRight";
				IPHONEOS_DEPLOYMENT_TARGET = 16.0;
				LD_RUNPATH_SEARCH_PATHS = (
					"$(inherited)",
					"@executable_path/Frameworks",
				);
				MARKETING_VERSION = 1.0;
				PRODUCT_BUNDLE_IDENTIFIER = "ghp-okjizbZVvJfbYcR9Aff1wuNFG7FC8W44Xc8s.Counter";
				PRODUCT_NAME = "$(TARGET_NAME)";
				SWIFT_EMIT_LOC_STRINGS = YES;
				SWIFT_VERSION = 5.0;
				TARGETED_DEVICE_FAMILY = "1,2";
			};
			name = Release;
		};
		F5D0FB2029B6106E00F65C37 /* Debug */ = {
			isa = XCBuildConfiguration;
			buildSettings = {
				ALWAYS_EMBED_SWIFT_STANDARD_LIBRARIES = YES;
				BUNDLE_LOADER = "$(TEST_HOST)";
				CODE_SIGN_STYLE = Automatic;
				CURRENT_PROJECT_VERSION = 1;
				DEVELOPMENT_TEAM = 94M9FJ82WR;
				GENERATE_INFOPLIST_FILE = YES;
				IPHONEOS_DEPLOYMENT_TARGET = 16.2;
				MARKETING_VERSION = 1.0;
				PRODUCT_BUNDLE_IDENTIFIER = "ghp-okjizbZVvJfbYcR9Aff1wuNFG7FC8W44Xc8s.CounterTests";
				PRODUCT_NAME = "$(TARGET_NAME)";
				SWIFT_EMIT_LOC_STRINGS = NO;
				SWIFT_VERSION = 5.0;
				TARGETED_DEVICE_FAMILY = "1,2";
				TEST_HOST = "$(BUILT_PRODUCTS_DIR)/Counter.app/$(BUNDLE_EXECUTABLE_FOLDER_PATH)/Counter";
			};
			name = Debug;
		};
		F5D0FB2129B6106E00F65C37 /* Release */ = {
			isa = XCBuildConfiguration;
			buildSettings = {
				ALWAYS_EMBED_SWIFT_STANDARD_LIBRARIES = YES;
				BUNDLE_LOADER = "$(TEST_HOST)";
				CODE_SIGN_STYLE = Automatic;
				CURRENT_PROJECT_VERSION = 1;
				DEVELOPMENT_TEAM = 94M9FJ82WR;
				GENERATE_INFOPLIST_FILE = YES;
				IPHONEOS_DEPLOYMENT_TARGET = 16.2;
				MARKETING_VERSION = 1.0;
				PRODUCT_BUNDLE_IDENTIFIER = "ghp-okjizbZVvJfbYcR9Aff1wuNFG7FC8W44Xc8s.CounterTests";
				PRODUCT_NAME = "$(TARGET_NAME)";
				SWIFT_EMIT_LOC_STRINGS = NO;
				SWIFT_VERSION = 5.0;
				TARGETED_DEVICE_FAMILY = "1,2";
				TEST_HOST = "$(BUILT_PRODUCTS_DIR)/Counter.app/$(BUNDLE_EXECUTABLE_FOLDER_PATH)/Counter";
			};
			name = Release;
		};
		F5D0FB2329B6106E00F65C37 /* Debug */ = {
			isa = XCBuildConfiguration;
			buildSettings = {
				ALWAYS_EMBED_SWIFT_STANDARD_LIBRARIES = YES;
				CODE_SIGN_STYLE = Automatic;
				CURRENT_PROJECT_VERSION = 1;
				DEVELOPMENT_TEAM = 94M9FJ82WR;
				GENERATE_INFOPLIST_FILE = YES;
				MARKETING_VERSION = 1.0;
				PRODUCT_BUNDLE_IDENTIFIER = "ghp-okjizbZVvJfbYcR9Aff1wuNFG7FC8W44Xc8s.CounterUITests";
				PRODUCT_NAME = "$(TARGET_NAME)";
				SWIFT_EMIT_LOC_STRINGS = NO;
				SWIFT_VERSION = 5.0;
				TARGETED_DEVICE_FAMILY = "1,2";
				TEST_TARGET_NAME = Counter;
			};
			name = Debug;
		};
		F5D0FB2429B6106E00F65C37 /* Release */ = {
			isa = XCBuildConfiguration;
			buildSettings = {
				ALWAYS_EMBED_SWIFT_STANDARD_LIBRARIES = YES;
				CODE_SIGN_STYLE = Automatic;
				CURRENT_PROJECT_VERSION = 1;
				DEVELOPMENT_TEAM = 94M9FJ82WR;
				GENERATE_INFOPLIST_FILE = YES;
				MARKETING_VERSION = 1.0;
				PRODUCT_BUNDLE_IDENTIFIER = "ghp-okjizbZVvJfbYcR9Aff1wuNFG7FC8W44Xc8s.CounterUITests";
				PRODUCT_NAME = "$(TARGET_NAME)";
				SWIFT_EMIT_LOC_STRINGS = NO;
				SWIFT_VERSION = 5.0;
				TARGETED_DEVICE_FAMILY = "1,2";
				TEST_TARGET_NAME = Counter;
			};
			name = Release;
		};
/* End XCBuildConfiguration section */

/* Begin XCConfigurationList section */
		F5D0FAF329B6106C00F65C37 /* Build configuration list for PBXProject "Counter" */ = {
			isa = XCConfigurationList;
			buildConfigurations = (
				F5D0FB1A29B6106E00F65C37 /* Debug */,
				F5D0FB1B29B6106E00F65C37 /* Release */,
			);
			defaultConfigurationIsVisible = 0;
			defaultConfigurationName = Release;
		};
		F5D0FB1C29B6106E00F65C37 /* Build configuration list for PBXNativeTarget "Counter" */ = {
			isa = XCConfigurationList;
			buildConfigurations = (
				F5D0FB1D29B6106E00F65C37 /* Debug */,
				F5D0FB1E29B6106E00F65C37 /* Release */,
			);
			defaultConfigurationIsVisible = 0;
			defaultConfigurationName = Release;
		};
		F5D0FB1F29B6106E00F65C37 /* Build configuration list for PBXNativeTarget "CounterTests" */ = {
			isa = XCConfigurationList;
			buildConfigurations = (
				F5D0FB2029B6106E00F65C37 /* Debug */,
				F5D0FB2129B6106E00F65C37 /* Release */,
			);
			defaultConfigurationIsVisible = 0;
			defaultConfigurationName = Release;
		};
		F5D0FB2229B6106E00F65C37 /* Build configuration list for PBXNativeTarget "CounterUITests" */ = {
			isa = XCConfigurationList;
			buildConfigurations = (
				F5D0FB2329B6106E00F65C37 /* Debug */,
				F5D0FB2429B6106E00F65C37 /* Release */,
			);
			defaultConfigurationIsVisible = 0;
			defaultConfigurationName = Release;
		};
/* End XCConfigurationList section */
	};
	rootObject = F5D0FAF029B6106C00F65C37 /* Project object */;
}
